
Microsoft Visual Studio Solution File, Format Version 12.00
# Visual Studio Version 17
VisualStudioVersion = 17.3.32929.385
MinimumVisualStudioVersion = 10.0.40219.1
Project("{FAE04EC0-301F-11D3-BF4B-00C04F79EFBC}") = "DemoStringBuilder", "DemoStringBuilder\DemoStringBuilder.csproj", "{415AD790-5CD0-475C-B9D6-8889C53CD636}"
EndProject
Global
	GlobalSection(SolutionConfigurationPlatforms) = preSolution
		Debug|Any CPU = Debug|Any CPU
		Release|Any CPU = Release|Any CPU
	EndGlobalSection
	GlobalSection(ProjectConfigurationPlatforms) = postSolution
		{415AD790-5CD0-475C-B9D6-8889C53CD636}.Debug|Any CPU.ActiveCfg = Debug|Any CPU
		{415AD790-5CD0-475C-B9D6-8889C53CD636}.Debug|Any CPU.Build.0 = Debug|Any CPU
		{415AD790-5CD0-475C-B9D6-8889C53CD636}.Release|Any CPU.ActiveCfg = Release|Any CPU
		{415AD790-5CD0-475C-B9D6-8889C53CD636}.Release|Any CPU.Build.0 = Release|Any CPU
	EndGlobalSection
	GlobalSection(SolutionProperties) = preSolution
		HideSolutionNode = FALSE
	EndGlobalSection
	GlobalSection(ExtensibilityGlobals) = postSolution
		SolutionGuid = {F5859785-B43A-4D0F-B562-40B9D95C4371}
	EndGlobalSection
EndGlobal
